
Microsoft Visual Studio Solution File, Format Version 12.00
# Visual Studio Version 17
VisualStudioVersion = 17.0.32014.148
MinimumVisualStudioVersion = 10.0.40219.1
Project("{FAE04EC0-301F-11D3-BF4B-00C04F79EFBC}") = "CosmosSQLcmd", "CosmosSQLcmd\CosmosSQLcmd.csproj", "{AAD7E711-9958-4F12-947D-C263AE270126}"
EndProject
Global
	GlobalSection(SolutionConfigurationPlatforms) = preSolution
		Debug|Any CPU = Debug|Any CPU
		Release|Any CPU = Release|Any CPU
	EndGlobalSection
	GlobalSection(ProjectConfigurationPlatforms) = postSolution
		{AAD7E711-9958-4F12-947D-C263AE270126}.Debug|Any CPU.ActiveCfg = Debug|Any CPU
		{AAD7E711-9958-4F12-947D-C263AE270126}.Debug|Any CPU.Build.0 = Debug|Any CPU
		{AAD7E711-9958-4F12-947D-C263AE270126}.Release|Any CPU.ActiveCfg = Release|Any CPU
		{AAD7E711-9958-4F12-947D-C263AE270126}.Release|Any CPU.Build.0 = Release|Any CPU
	EndGlobalSection
	GlobalSection(SolutionProperties) = preSolution
		HideSolutionNode = FALSE
	EndGlobalSection
	GlobalSection(ExtensibilityGlobals) = postSolution
		SolutionGuid = {4CDEF517-E560-4CC0-832A-8375857CA173}
	EndGlobalSection
EndGlobal
